Microsoft Visual Studio Solution File, Format Version 12.00
# Visual Studio Version 17
VisualStudioVersion = 17.5.2.0
MinimumVisualStudioVersion = 10.0.40219.1
Project("{FAE04EC0-301F-11D3-BF4B-00C04F79EFBC}") = "AnimalInheritance", "AnimalInheritance.csproj", "{F2B802FF-07AA-C950-9816-E37D8F087D74}"
EndProject
Project("{FAE04EC0-301F-11D3-BF4B-00C04F79EFBC}") = "PrivateMultipleObjects", "..\PrivateMultipleObjects\PrivateMultipleObjects.csproj", "{6CE11E2E-F192-42E7-A9E0-0E3496DF3AD7}"
EndProject
Global
	GlobalSection(SolutionConfigurationPlatforms) = preSolution
		Debug|Any CPU = Debug|Any CPU
		Release|Any CPU = Release|Any CPU
	EndGlobalSection
	GlobalSection(ProjectConfigurationPlatforms) = postSolution
		{F2B802FF-07AA-C950-9816-E37D8F087D74}.Debug|Any CPU.ActiveCfg = Debug|Any CPU
		{F2B802FF-07AA-C950-9816-E37D8F087D74}.Debug|Any CPU.Build.0 = Debug|Any CPU
		{F2B802FF-07AA-C950-9816-E37D8F087D74}.Release|Any CPU.ActiveCfg = Release|Any CPU
		{F2B802FF-07AA-C950-9816-E37D8F087D74}.Release|Any CPU.Build.0 = Release|Any CPU
		{6CE11E2E-F192-42E7-A9E0-0E3496DF3AD7}.Debug|Any CPU.ActiveCfg = Debug|Any CPU
		{6CE11E2E-F192-42E7-A9E0-0E3496DF3AD7}.Debug|Any CPU.Build.0 = Debug|Any CPU
		{6CE11E2E-F192-42E7-A9E0-0E3496DF3AD7}.Release|Any CPU.ActiveCfg = Release|Any CPU
		{6CE11E2E-F192-42E7-A9E0-0E3496DF3AD7}.Release|Any CPU.Build.0 = Release|Any CPU
	EndGlobalSection
	GlobalSection(SolutionProperties) = preSolution
		HideSolutionNode = FALSE
	EndGlobalSection
	GlobalSection(ExtensibilityGlobals) = postSolution
		SolutionGuid = {62C3A96F-6F15-4952-AF55-6AB1555160A3}
	EndGlobalSection
EndGlobal
