Microsoft Visual Studio Solution File, Format Version 12.00
# Visual Studio Version 17
VisualStudioVersion = 17.5.2.0
MinimumVisualStudioVersion = 10.0.40219.1
Project("{FAE04EC0-301F-11D3-BF4B-00C04F79EFBC}") = "GenericAnimalClass", "GenericAnimalClass.csproj", "{7F2F264D-BFC2-1EE1-03D4-6E0967152FF3}"
EndProject
Project("{FAE04EC0-301F-11D3-BF4B-00C04F79EFBC}") = "WordOfTheDay", "..\WordOfTheDay\WordOfTheDay.csproj", "{FF1C5F68-906A-4A66-93A8-6C0AE54BC2BD}"
EndProject
Global
	GlobalSection(SolutionConfigurationPlatforms) = preSolution
		Debug|Any CPU = Debug|Any CPU
		Release|Any CPU = Release|Any CPU
	EndGlobalSection
	GlobalSection(ProjectConfigurationPlatforms) = postSolution
		{7F2F264D-BFC2-1EE1-03D4-6E0967152FF3}.Debug|Any CPU.ActiveCfg = Debug|Any CPU
		{7F2F264D-BFC2-1EE1-03D4-6E0967152FF3}.Debug|Any CPU.Build.0 = Debug|Any CPU
		{7F2F264D-BFC2-1EE1-03D4-6E0967152FF3}.Release|Any CPU.ActiveCfg = Release|Any CPU
		{7F2F264D-BFC2-1EE1-03D4-6E0967152FF3}.Release|Any CPU.Build.0 = Release|Any CPU
		{FF1C5F68-906A-4A66-93A8-6C0AE54BC2BD}.Debug|Any CPU.ActiveCfg = Debug|Any CPU
		{FF1C5F68-906A-4A66-93A8-6C0AE54BC2BD}.Debug|Any CPU.Build.0 = Debug|Any CPU
		{FF1C5F68-906A-4A66-93A8-6C0AE54BC2BD}.Release|Any CPU.ActiveCfg = Release|Any CPU
		{FF1C5F68-906A-4A66-93A8-6C0AE54BC2BD}.Release|Any CPU.Build.0 = Release|Any CPU
	EndGlobalSection
	GlobalSection(SolutionProperties) = preSolution
		HideSolutionNode = FALSE
	EndGlobalSection
	GlobalSection(ExtensibilityGlobals) = postSolution
		SolutionGuid = {B13BB1CC-E46A-4930-87AD-2D4B6E3A9019}
	EndGlobalSection
EndGlobal
