Microsoft Visual Studio Solution File, Format Version 12.00
# Visual Studio Version 17
VisualStudioVersion = 17.5.2.0
MinimumVisualStudioVersion = 10.0.40219.1
Project("{FAE04EC0-301F-11D3-BF4B-00C04F79EFBC}") = "SimpleInheritance", "SimpleInheritance.csproj", "{C70AF90E-96FA-4510-8172-C7E708321B2B}"
EndProject
Project("{FAE04EC0-301F-11D3-BF4B-00C04F79EFBC}") = "AnimalInheritance", "..\AnimalInheritance\AnimalInheritance.csproj", "{DDDFE5DA-E1E0-4D53-B1C0-08C227DD527E}"
EndProject
Global
	GlobalSection(SolutionConfigurationPlatforms) = preSolution
		Debug|Any CPU = Debug|Any CPU
		Release|Any CPU = Release|Any CPU
	EndGlobalSection
	GlobalSection(ProjectConfigurationPlatforms) = postSolution
		{C70AF90E-96FA-4510-8172-C7E708321B2B}.Debug|Any CPU.ActiveCfg = Debug|Any CPU
		{C70AF90E-96FA-4510-8172-C7E708321B2B}.Debug|Any CPU.Build.0 = Debug|Any CPU
		{C70AF90E-96FA-4510-8172-C7E708321B2B}.Release|Any CPU.ActiveCfg = Release|Any CPU
		{C70AF90E-96FA-4510-8172-C7E708321B2B}.Release|Any CPU.Build.0 = Release|Any CPU
		{DDDFE5DA-E1E0-4D53-B1C0-08C227DD527E}.Debug|Any CPU.ActiveCfg = Debug|Any CPU
		{DDDFE5DA-E1E0-4D53-B1C0-08C227DD527E}.Debug|Any CPU.Build.0 = Debug|Any CPU
		{DDDFE5DA-E1E0-4D53-B1C0-08C227DD527E}.Release|Any CPU.ActiveCfg = Release|Any CPU
		{DDDFE5DA-E1E0-4D53-B1C0-08C227DD527E}.Release|Any CPU.Build.0 = Release|Any CPU
	EndGlobalSection
	GlobalSection(SolutionProperties) = preSolution
		HideSolutionNode = FALSE
	EndGlobalSection
	GlobalSection(ExtensibilityGlobals) = postSolution
		SolutionGuid = {F21654A3-4271-4E94-8E12-65ED32BE2FE0}
	EndGlobalSection
EndGlobal
