Microsoft Visual Studio Solution File, Format Version 12.00
# Visual Studio Version 17
VisualStudioVersion = 17.5.2.0
MinimumVisualStudioVersion = 10.0.40219.1
Project("{FAE04EC0-301F-11D3-BF4B-00C04F79EFBC}") = "ClubInterface", "ClubInterface.csproj", "{5B13F5CB-11E2-2D1C-FFEE-0F7C2EA7B4D5}"
EndProject
Project("{FAE04EC0-301F-11D3-BF4B-00C04F79EFBC}") = "SealedClass", "..\SealedClass\SealedClass.csproj", "{BDC38850-8B63-40DF-8322-E56AAC6BCFD9}"
EndProject
Global
	GlobalSection(SolutionConfigurationPlatforms) = preSolution
		Debug|Any CPU = Debug|Any CPU
		Release|Any CPU = Release|Any CPU
	EndGlobalSection
	GlobalSection(ProjectConfigurationPlatforms) = postSolution
		{5B13F5CB-11E2-2D1C-FFEE-0F7C2EA7B4D5}.Debug|Any CPU.ActiveCfg = Debug|Any CPU
		{5B13F5CB-11E2-2D1C-FFEE-0F7C2EA7B4D5}.Debug|Any CPU.Build.0 = Debug|Any CPU
		{5B13F5CB-11E2-2D1C-FFEE-0F7C2EA7B4D5}.Release|Any CPU.ActiveCfg = Release|Any CPU
		{5B13F5CB-11E2-2D1C-FFEE-0F7C2EA7B4D5}.Release|Any CPU.Build.0 = Release|Any CPU
		{BDC38850-8B63-40DF-8322-E56AAC6BCFD9}.Debug|Any CPU.ActiveCfg = Debug|Any CPU
		{BDC38850-8B63-40DF-8322-E56AAC6BCFD9}.Debug|Any CPU.Build.0 = Debug|Any CPU
		{BDC38850-8B63-40DF-8322-E56AAC6BCFD9}.Release|Any CPU.ActiveCfg = Release|Any CPU
		{BDC38850-8B63-40DF-8322-E56AAC6BCFD9}.Release|Any CPU.Build.0 = Release|Any CPU
	EndGlobalSection
	GlobalSection(SolutionProperties) = preSolution
		HideSolutionNode = FALSE
	EndGlobalSection
	GlobalSection(ExtensibilityGlobals) = postSolution
		SolutionGuid = {A223822C-6BA0-4EF2-BFD2-FB7B3DFE5B07}
	EndGlobalSection
EndGlobal
