Microsoft Visual Studio Solution File, Format Version 12.00
# Visual Studio Version 17
VisualStudioVersion = 17.5.2.0
MinimumVisualStudioVersion = 10.0.40219.1
Project("{FAE04EC0-301F-11D3-BF4B-00C04F79EFBC}") = "WorkingWithLambdaExpressions2", "WorkingWithLambdaExpressions2.csproj", "{1F49596E-70A9-64D0-18F4-C3B355AC362C}"
EndProject
Project("{FAE04EC0-301F-11D3-BF4B-00C04F79EFBC}") = "Audit", "..\Audit\Audit.csproj", "{D21E0E12-34B1-412E-9211-5C75C24BFB22}"
EndProject
Global
	GlobalSection(SolutionConfigurationPlatforms) = preSolution
		Debug|Any CPU = Debug|Any CPU
		Release|Any CPU = Release|Any CPU
	EndGlobalSection
	GlobalSection(ProjectConfigurationPlatforms) = postSolution
		{1F49596E-70A9-64D0-18F4-C3B355AC362C}.Debug|Any CPU.ActiveCfg = Debug|Any CPU
		{1F49596E-70A9-64D0-18F4-C3B355AC362C}.Debug|Any CPU.Build.0 = Debug|Any CPU
		{1F49596E-70A9-64D0-18F4-C3B355AC362C}.Release|Any CPU.ActiveCfg = Release|Any CPU
		{1F49596E-70A9-64D0-18F4-C3B355AC362C}.Release|Any CPU.Build.0 = Release|Any CPU
		{D21E0E12-34B1-412E-9211-5C75C24BFB22}.Debug|Any CPU.ActiveCfg = Debug|Any CPU
		{D21E0E12-34B1-412E-9211-5C75C24BFB22}.Debug|Any CPU.Build.0 = Debug|Any CPU
		{D21E0E12-34B1-412E-9211-5C75C24BFB22}.Release|Any CPU.ActiveCfg = Release|Any CPU
		{D21E0E12-34B1-412E-9211-5C75C24BFB22}.Release|Any CPU.Build.0 = Release|Any CPU
	EndGlobalSection
	GlobalSection(SolutionProperties) = preSolution
		HideSolutionNode = FALSE
	EndGlobalSection
	GlobalSection(ExtensibilityGlobals) = postSolution
		SolutionGuid = {02FB4AFE-D5D5-49C6-8DB0-0C5C14119BF7}
	EndGlobalSection
EndGlobal
