Microsoft Visual Studio Solution File, Format Version 12.00
# Visual Studio Version 17
VisualStudioVersion = 17.5.2.0
MinimumVisualStudioVersion = 10.0.40219.1
Project("{FAE04EC0-301F-11D3-BF4B-00C04F79EFBC}") = "Exercise1", "Exercise1.csproj", "{E81367D9-B38C-6010-B797-8908C89B25A0}"
EndProject
Project("{FAE04EC0-301F-11D3-BF4B-00C04F79EFBC}") = "Exercise2", "..\Exercise2\Exercise2.csproj", "{AB6F0FF9-DDE6-44B8-9F86-7E26F000F655}"
EndProject
Global
	GlobalSection(SolutionConfigurationPlatforms) = preSolution
		Debug|Any CPU = Debug|Any CPU
		Release|Any CPU = Release|Any CPU
	EndGlobalSection
	GlobalSection(ProjectConfigurationPlatforms) = postSolution
		{E81367D9-B38C-6010-B797-8908C89B25A0}.Debug|Any CPU.ActiveCfg = Debug|Any CPU
		{E81367D9-B38C-6010-B797-8908C89B25A0}.Debug|Any CPU.Build.0 = Debug|Any CPU
		{E81367D9-B38C-6010-B797-8908C89B25A0}.Release|Any CPU.ActiveCfg = Release|Any CPU
		{E81367D9-B38C-6010-B797-8908C89B25A0}.Release|Any CPU.Build.0 = Release|Any CPU
		{AB6F0FF9-DDE6-44B8-9F86-7E26F000F655}.Debug|Any CPU.ActiveCfg = Debug|Any CPU
		{AB6F0FF9-DDE6-44B8-9F86-7E26F000F655}.Debug|Any CPU.Build.0 = Debug|Any CPU
		{AB6F0FF9-DDE6-44B8-9F86-7E26F000F655}.Release|Any CPU.ActiveCfg = Release|Any CPU
		{AB6F0FF9-DDE6-44B8-9F86-7E26F000F655}.Release|Any CPU.Build.0 = Release|Any CPU
	EndGlobalSection
	GlobalSection(SolutionProperties) = preSolution
		HideSolutionNode = FALSE
	EndGlobalSection
	GlobalSection(ExtensibilityGlobals) = postSolution
		SolutionGuid = {71BD65D1-AE88-4989-B6EE-4817927D7400}
	EndGlobalSection
EndGlobal
