Microsoft Visual Studio Solution File, Format Version 12.00
# Visual Studio Version 17
VisualStudioVersion = 17.5.2.0
MinimumVisualStudioVersion = 10.0.40219.1
Project("{FAE04EC0-301F-11D3-BF4B-00C04F79EFBC}") = "SealedClass", "SealedClass.csproj", "{6D0F2513-955A-7214-1B6A-47489B580547}"
EndProject
Project("{FAE04EC0-301F-11D3-BF4B-00C04F79EFBC}") = "AbstractAnimalClass", "..\AbstractAnimalClass\AbstractAnimalClass.csproj", "{12C22707-EB1E-4377-81F9-E7ED5C9C3615}"
EndProject
Global
	GlobalSection(SolutionConfigurationPlatforms) = preSolution
		Debug|Any CPU = Debug|Any CPU
		Release|Any CPU = Release|Any CPU
	EndGlobalSection
	GlobalSection(ProjectConfigurationPlatforms) = postSolution
		{6D0F2513-955A-7214-1B6A-47489B580547}.Debug|Any CPU.ActiveCfg = Debug|Any CPU
		{6D0F2513-955A-7214-1B6A-47489B580547}.Debug|Any CPU.Build.0 = Debug|Any CPU
		{6D0F2513-955A-7214-1B6A-47489B580547}.Release|Any CPU.ActiveCfg = Release|Any CPU
		{6D0F2513-955A-7214-1B6A-47489B580547}.Release|Any CPU.Build.0 = Release|Any CPU
		{12C22707-EB1E-4377-81F9-E7ED5C9C3615}.Debug|Any CPU.ActiveCfg = Debug|Any CPU
		{12C22707-EB1E-4377-81F9-E7ED5C9C3615}.Debug|Any CPU.Build.0 = Debug|Any CPU
		{12C22707-EB1E-4377-81F9-E7ED5C9C3615}.Release|Any CPU.ActiveCfg = Release|Any CPU
		{12C22707-EB1E-4377-81F9-E7ED5C9C3615}.Release|Any CPU.Build.0 = Release|Any CPU
	EndGlobalSection
	GlobalSection(SolutionProperties) = preSolution
		HideSolutionNode = FALSE
	EndGlobalSection
	GlobalSection(ExtensibilityGlobals) = postSolution
		SolutionGuid = {80B19729-8FBF-4BAB-9A4E-FF4415674DA9}
	EndGlobalSection
EndGlobal
